// !$*UTF8*$!
{
	archiveVersion = 1;
	classes = {
	};
	objectVersion = 56;
	objects = {

/* Begin PBXBuildFile section */
		554974792A622F05009F3AB2 /* AppDelegate.swift in Sources */ = {isa = PBXBuildFile; fileRef = 554974782A622F05009F3AB2 /* AppDelegate.swift */; };
		5549747B2A622F05009F3AB2 /* ContentView.swift in Sources */ = {isa = PBXBuildFile; fileRef = 5549747A2A622F05009F3AB2 /* ContentView.swift */; };
		5549747D2A622F05009F3AB2 /* Experience.rcproject in Sources */ = {isa = PBXBuildFile; fileRef = 5549747C2A622F05009F3AB2 /* Experience.rcproject */; };
		5549747F2A622F07009F3AB2 /* Assets.xcassets in Resources */ = {isa = PBXBuildFile; fileRef = 5549747E2A622F07009F3AB2 /* Assets.xcassets */; };
		554974822A622F07009F3AB2 /* Preview Assets.xcassets in Resources */ = {isa = PBXBuildFile; fileRef = 554974812A622F07009F3AB2 /* Preview Assets.xcassets */; };
		5549748C2A622F07009F3AB2 /* Flemings_HandsTests.swift in Sources */ = {isa = PBXBuildFile; fileRef = 5549748B2A622F07009F3AB2 /* Flemings_HandsTests.swift */; };
		554974962A622F07009F3AB2 /* Flemings_HandsUITests.swift in Sources */ = {isa = PBXBuildFile; fileRef = 554974952A622F07009F3AB2 /* Flemings_HandsUITests.swift */; };
		554974982A622F07009F3AB2 /* Flemings_HandsUITestsLaunchTests.swift in Sources */ = {isa = PBXBuildFile; fileRef = 554974972A622F07009F3AB2 /* Flemings_HandsUITestsLaunchTests.swift */; };
/* End PBXBuildFile section */

/* Begin PBXContainerItemProxy section */
		554974882A622F07009F3AB2 /* PBXContainerItemProxy */ = {
			isa = PBXContainerItemProxy;
			containerPortal = 5549746D2A622F05009F3AB2 /* Project object */;
			proxyType = 1;
			remoteGlobalIDString = 554974742A622F05009F3AB2;
			remoteInfo = "Flemings Hands";
		};
		554974922A622F07009F3AB2 /* PBXContainerItemProxy */ = {
			isa = PBXContainerItemProxy;
			containerPortal = 5549746D2A622F05009F3AB2 /* Project object */;
			proxyType = 1;
			remoteGlobalIDString = 554974742A622F05009F3AB2;
			remoteInfo = "Flemings Hands";
		};
/* End PBXContainerItemProxy section */

/* Begin PBXFileReference section */
		554974752A622F05009F3AB2 /* Flemings Hands.app */ = {isa = PBXFileReference; explicitFileType = wrapper.application; includeInIndex = 0; path = "Flemings Hands.app"; sourceTree = BUILT_PRODUCTS_DIR; };
		554974782A622F05009F3AB2 /* AppDelegate.swift */ = {isa = PBXFileReference; lastKnownFileType = sourcecode.swift; path = AppDelegate.swift; sourceTree = "<group>"; };
		5549747A2A622F05009F3AB2 /* ContentView.swift */ = {isa = PBXFileReference; lastKnownFileType = sourcecode.swift; path = ContentView.swift; sourceTree = "<group>"; };
		5549747C2A622F05009F3AB2 /* Experience.rcproject */ = {isa = PBXFileReference; lastKnownFileType = file.rcproject; path = Experience.rcproject; sourceTree = "<group>"; };
		5549747E2A622F07009F3AB2 /* Assets.xcassets */ = {isa = PBXFileReference; lastKnownFileType = folder.assetcatalog; path = Assets.xcassets; sourceTree = "<group>"; };
		554974812A622F07009F3AB2 /* Preview Assets.xcassets */ = {isa = PBXFileReference; lastKnownFileType = folder.assetcatalog; path = "Preview Assets.xcassets"; sourceTree = "<group>"; };
		554974872A622F07009F3AB2 /* Flemings HandsTests.xctest */ = {isa = PBXFileReference; explicitFileType = wrapper.cfbundle; includeInIndex = 0; path = "Flemings HandsTests.xctest"; sourceTree = BUILT_PRODUCTS_DIR; };
		5549748B2A622F07009F3AB2 /* Flemings_HandsTests.swift */ = {isa = PBXFileReference; lastKnownFileType = sourcecode.swift; path = Flemings_HandsTests.swift; sourceTree = "<group>"; };
		554974912A622F07009F3AB2 /* Flemings HandsUITests.xctest */ = {isa = PBXFileReference; explicitFileType = wrapper.cfbundle; includeInIndex = 0; path = "Flemings HandsUITests.xctest"; sourceTree = BUILT_PRODUCTS_DIR; };
		554974952A622F07009F3AB2 /* Flemings_HandsUITests.swift */ = {isa = PBXFileReference; lastKnownFileType = sourcecode.swift; path = Flemings_HandsUITests.swift; sourceTree = "<group>"; };
		554974972A622F07009F3AB2 /* Flemings_HandsUITestsLaunchTests.swift */ = {isa = PBXFileReference; lastKnownFileType = sourcecode.swift; path = Flemings_HandsUITestsLaunchTests.swift; sourceTree = "<group>"; };
/* End PBXFileReference section */

/* Begin PBXFrameworksBuildPhase section */
		554974722A622F05009F3AB2 /* Frameworks */ = {
			isa = PBXFrameworksBuildPhase;
			buildActionMask = 2147483647;
			files = (
			);
			runOnlyForDeploymentPostprocessing = 0;
		};
		554974842A622F07009F3AB2 /* Frameworks */ = {
			isa = PBXFrameworksBuildPhase;
			buildActionMask = 2147483647;
			files = (
			);
			runOnlyForDeploymentPostprocessing = 0;
		};
		5549748E2A622F07009F3AB2 /* Frameworks */ = {
			isa = PBXFrameworksBuildPhase;
			buildActionMask = 2147483647;
			files = (
			);
			runOnlyForDeploymentPostprocessing = 0;
		};
/* End PBXFrameworksBuildPhase section */

/* Begin PBXGroup section */
		5549746C2A622F05009F3AB2 = {
			isa = PBXGroup;
			children = (
				554974772A622F05009F3AB2 /* Flemings Hands */,
				5549748A2A622F07009F3AB2 /* Flemings HandsTests */,
				554974942A622F07009F3AB2 /* Flemings HandsUITests */,
				554974762A622F05009F3AB2 /* Products */,
			);
			sourceTree = "<group>";
		};
		554974762A622F05009F3AB2 /* Products */ = {
			isa = PBXGroup;
			children = (
				554974752A622F05009F3AB2 /* Flemings Hands.app */,
				554974872A622F07009F3AB2 /* Flemings HandsTests.xctest */,
				554974912A622F07009F3AB2 /* Flemings HandsUITests.xctest */,
			);
			name = Products;
			sourceTree = "<group>";
		};
		554974772A622F05009F3AB2 /* Flemings Hands */ = {
			isa = PBXGroup;
			children = (
				554974782A622F05009F3AB2 /* AppDelegate.swift */,
				5549747A2A622F05009F3AB2 /* ContentView.swift */,
				5549747C2A622F05009F3AB2 /* Experience.rcproject */,
				5549747E2A622F07009F3AB2 /* Assets.xcassets */,
				554974802A622F07009F3AB2 /* Preview Content */,
			);
			path = "Flemings Hands";
			sourceTree = "<group>";
		};
		554974802A622F07009F3AB2 /* Preview Content */ = {
			isa = PBXGroup;
			children = (
				554974812A622F07009F3AB2 /* Preview Assets.xcassets */,
			);
			path = "Preview Content";
			sourceTree = "<group>";
		};
		5549748A2A622F07009F3AB2 /* Flemings HandsTests */ = {
			isa = PBXGroup;
			children = (
				5549748B2A622F07009F3AB2 /* Flemings_HandsTests.swift */,
			);
			path = "Flemings HandsTests";
			sourceTree = "<group>";
		};
		554974942A622F07009F3AB2 /* Flemings HandsUITests */ = {
			isa = PBXGroup;
			children = (
				554974952A622F07009F3AB2 /* Flemings_HandsUITests.swift */,
				554974972A622F07009F3AB2 /* Flemings_HandsUITestsLaunchTests.swift */,
			);
			path = "Flemings HandsUITests";
			sourceTree = "<group>";
		};
/* End PBXGroup section */

/* Begin PBXNativeTarget section */
		554974742A622F05009F3AB2 /* Flemings Hands */ = {
			isa = PBXNativeTarget;
			buildConfigurationList = 5549749B2A622F07009F3AB2 /* Build configuration list for PBXNativeTarget "Flemings Hands" */;
			buildPhases = (
				554974712A622F05009F3AB2 /* Sources */,
				554974722A622F05009F3AB2 /* Frameworks */,
				554974732A622F05009F3AB2 /* Resources */,
			);
			buildRules = (
			);
			dependencies = (
			);
			name = "Flemings Hands";
			productName = "Flemings Hands";
			productReference = 554974752A622F05009F3AB2 /* Flemings Hands.app */;
			productType = "com.apple.product-type.application";
		};
		554974862A622F07009F3AB2 /* Flemings HandsTests */ = {
			isa = PBXNativeTarget;
			buildConfigurationList = 5549749E2A622F07009F3AB2 /* Build configuration list for PBXNativeTarget "Flemings HandsTests" */;
			buildPhases = (
				554974832A622F07009F3AB2 /* Sources */,
				554974842A622F07009F3AB2 /* Frameworks */,
				554974852A622F07009F3AB2 /* Resources */,
			);
			buildRules = (
			);
			dependencies = (
				554974892A622F07009F3AB2 /* PBXTargetDependency */,
			);
			name = "Flemings HandsTests";
			productName = "Flemings HandsTests";
			productReference = 554974872A622F07009F3AB2 /* Flemings HandsTests.xctest */;
			productType = "com.apple.product-type.bundle.unit-test";
		};
		554974902A622F07009F3AB2 /* Flemings HandsUITests */ = {
			isa = PBXNativeTarget;
			buildConfigurationList = 554974A12A622F07009F3AB2 /* Build configuration list for PBXNativeTarget "Flemings HandsUITests" */;
			buildPhases = (
				5549748D2A622F07009F3AB2 /* Sources */,
				5549748E2A622F07009F3AB2 /* Frameworks */,
				5549748F2A622F07009F3AB2 /* Resources */,
			);
			buildRules = (
			);
			dependencies = (
				554974932A622F07009F3AB2 /* PBXTargetDependency */,
			);
			name = "Flemings HandsUITests";
			productName = "Flemings HandsUITests";
			productReference = 554974912A622F07009F3AB2 /* Flemings HandsUITests.xctest */;
			productType = "com.apple.product-type.bundle.ui-testing";
		};
/* End PBXNativeTarget section */

/* Begin PBXProject section */
		5549746D2A622F05009F3AB2 /* Project object */ = {
			isa = PBXProject;
			attributes = {
				BuildIndependentTargetsInParallel = 1;
				LastSwiftUpdateCheck = 1430;
				LastUpgradeCheck = 1430;
				TargetAttributes = {
					554974742A622F05009F3AB2 = {
						CreatedOnToolsVersion = 14.3.1;
					};
					554974862A622F07009F3AB2 = {
						CreatedOnToolsVersion = 14.3.1;
						TestTargetID = 554974742A622F05009F3AB2;
					};
					554974902A622F07009F3AB2 = {
						CreatedOnToolsVersion = 14.3.1;
						TestTargetID = 554974742A622F05009F3AB2;
					};
				};
			};
			buildConfigurationList = 554974702A622F05009F3AB2 /* Build configuration list for PBXProject "Flemings Hands" */;
			compatibilityVersion = "Xcode 14.0";
			developmentRegion = en;
			hasScannedForEncodings = 0;
			knownRegions = (
				en,
				Base,
			);
			mainGroup = 5549746C2A622F05009F3AB2;
			productRefGroup = 554974762A622F05009F3AB2 /* Products */;
			projectDirPath = "";
			projectRoot = "";
			targets = (
				554974742A622F05009F3AB2 /* Flemings Hands */,
				554974862A622F07009F3AB2 /* Flemings HandsTests */,
				554974902A622F07009F3AB2 /* Flemings HandsUITests */,
			);
		};
/* End PBXProject section */

/* Begin PBXResourcesBuildPhase section */
		554974732A622F05009F3AB2 /* Resources */ = {
			isa = PBXResourcesBuildPhase;
			buildActionMask = 2147483647;
			files = (
				554974822A622F07009F3AB2 /* Preview Assets.xcassets in Resources */,
				5549747F2A622F07009F3AB2 /* Assets.xcassets in Resources */,
			);
			runOnlyForDeploymentPostprocessing = 0;
		};
		554974852A622F07009F3AB2 /* Resources */ = {
			isa = PBXResourcesBuildPhase;
			buildActionMask = 2147483647;
			files = (
			);
			runOnlyForDeploymentPostprocessing = 0;
		};
		5549748F2A622F07009F3AB2 /* Resources */ = {
			isa = PBXResourcesBuildPhase;
			buildActionMask = 2147483647;
			files = (
			);
			runOnlyForDeploymentPostprocessing = 0;
		};
/* End PBXResourcesBuildPhase section */

/* Begin PBXSourcesBuildPhase section */
		554974712A622F05009F3AB2 /* Sources */ = {
			isa = PBXSourcesBuildPhase;
			buildActionMask = 2147483647;
			files = (
				5549747B2A622F05009F3AB2 /* ContentView.swift in Sources */,
				554974792A622F05009F3AB2 /* AppDelegate.swift in Sources */,
				5549747D2A622F05009F3AB2 /* Experience.rcproject in Sources */,
			);
			runOnlyForDeploymentPostprocessing = 0;
		};
		554974832A622F07009F3AB2 /* Sources */ = {
			isa = PBXSourcesBuildPhase;
			buildActionMask = 2147483647;
			files = (
				5549748C2A622F07009F3AB2 /* Flemings_HandsTests.swift in Sources */,
			);
			runOnlyForDeploymentPostprocessing = 0;
		};
		5549748D2A622F07009F3AB2 /* Sources */ = {
			isa = PBXSourcesBuildPhase;
			buildActionMask = 2147483647;
			files = (
				554974982A622F07009F3AB2 /* Flemings_HandsUITestsLaunchTests.swift in Sources */,
				554974962A622F07009F3AB2 /* Flemings_HandsUITests.swift in Sources */,
			);
			runOnlyForDeploymentPostprocessing = 0;
		};
/* End PBXSourcesBuildPhase section */

/* Begin PBXTargetDependency section */
		554974892A622F07009F3AB2 /* PBXTargetDependency */ = {
			isa = PBXTargetDependency;
			target = 554974742A622F05009F3AB2 /* Flemings Hands */;
			targetProxy = 554974882A622F07009F3AB2 /* PBXContainerItemProxy */;
		};
		554974932A622F07009F3AB2 /* PBXTargetDependency */ = {
			isa = PBXTargetDependency;
			target = 554974742A622F05009F3AB2 /* Flemings Hands */;
			targetProxy = 554974922A622F07009F3AB2 /* PBXContainerItemProxy */;
		};
/* End PBXTargetDependency section */

/* Begin XCBuildConfiguration section */
		554974992A622F07009F3AB2 /* Debug */ = {
			isa = XCBuildConfiguration;
			buildSettings = {
				ALWAYS_SEARCH_USER_PATHS = NO;
				CLANG_ANALYZER_NONNULL = YES;
				CLANG_ANALYZER_NUMBER_OBJECT_CONVERSION = YES_AGGRESSIVE;
				CLANG_CXX_LANGUAGE_STANDARD = "gnu++20";
				CLANG_ENABLE_MODULES = YES;
				CLANG_ENABLE_OBJC_ARC = YES;
				CLANG_ENABLE_OBJC_WEAK = YES;
				CLANG_WARN_BLOCK_CAPTURE_AUTORELEASING = YES;
				CLANG_WARN_BOOL_CONVERSION = YES;
				CLANG_WARN_COMMA = YES;
				CLANG_WARN_CONSTANT_CONVERSION = YES;
				CLANG_WARN_DEPRECATED_OBJC_IMPLEMENTATIONS = YES;
				CLANG_WARN_DIRECT_OBJC_ISA_USAGE = YES_ERROR;
				CLANG_WARN_DOCUMENTATION_COMMENTS = YES;
				CLANG_WARN_EMPTY_BODY = YES;
				CLANG_WARN_ENUM_CONVERSION = YES;
				CLANG_WARN_INFINITE_RECURSION = YES;
				CLANG_WARN_INT_CONVERSION = YES;
				CLANG_WARN_NON_LITERAL_NULL_CONVERSION = YES;
				CLANG_WARN_OBJC_IMPLICIT_RETAIN_SELF = YES;
				CLANG_WARN_OBJC_LITERAL_CONVERSION = YES;
				CLANG_WARN_OBJC_ROOT_CLASS = YES_ERROR;
				CLANG_WARN_QUOTED_INCLUDE_IN_FRAMEWORK_HEADER = YES;
				CLANG_WARN_RANGE_LOOP_ANALYSIS = YES;
				CLANG_WARN_STRICT_PROTOTYPES = YES;
				CLANG_WARN_SUSPICIOUS_MOVE = YES;
				CLANG_WARN_UNGUARDED_AVAILABILITY = YES_AGGRESSIVE;
				CLANG_WARN_UNREACHABLE_CODE = YES;
				CLANG_WARN__DUPLICATE_METHOD_MATCH = YES;
				COPY_PHASE_STRIP = NO;
				DEBUG_INFORMATION_FORMAT = dwarf;
				ENABLE_STRICT_OBJC_MSGSEND = YES;
				ENABLE_TESTABILITY = YES;
				GCC_C_LANGUAGE_STANDARD = gnu11;
				GCC_DYNAMIC_NO_PIC = NO;
				GCC_NO_COMMON_BLOCKS = YES;
				GCC_OPTIMIZATION_LEVEL = 0;
				GCC_PREPROCESSOR_DEFINITIONS = (
					"DEBUG=1",
					"$(inherited)",
				);
				GCC_WARN_64_TO_32_BIT_CONVERSION = YES;
				GCC_WARN_ABOUT_RETURN_TYPE = YES_ERROR;
				GCC_WARN_UNDECLARED_SELECTOR = YES;
				GCC_WARN_UNINITIALIZED_AUTOS = YES_AGGRESSIVE;
				GCC_WARN_UNUSED_FUNCTION = YES;
				GCC_WARN_UNUSED_VARIABLE = YES;
				IPHONEOS_DEPLOYMENT_TARGET = 16.4;
				MTL_ENABLE_DEBUG_INFO = INCLUDE_SOURCE;
				MTL_FAST_MATH = YES;
				ONLY_ACTIVE_ARCH = YES;
				SDKROOT = iphoneos;
				SWIFT_ACTIVE_COMPILATION_CONDITIONS = DEBUG;
				SWIFT_OPTIMIZATION_LEVEL = "-Onone";
			};
			name = Debug;
		};
		5549749A2A622F07009F3AB2 /* Release */ = {
			isa = XCBuildConfiguration;
			buildSettings = {
				ALWAYS_SEARCH_USER_PATHS = NO;
				CLANG_ANALYZER_NONNULL = YES;
				CLANG_ANALYZER_NUMBER_OBJECT_CONVERSION = YES_AGGRESSIVE;
				CLANG_CXX_LANGUAGE_STANDARD = "gnu++20";
				CLANG_ENABLE_MODULES = YES;
				CLANG_ENABLE_OBJC_ARC = YES;
				CLANG_ENABLE_OBJC_WEAK = YES;
				CLANG_WARN_BLOCK_CAPTURE_AUTORELEASING = YES;
				CLANG_WARN_BOOL_CONVERSION = YES;
				CLANG_WARN_COMMA = YES;
				CLANG_WARN_CONSTANT_CONVERSION = YES;
				CLANG_WARN_DEPRECATED_OBJC_IMPLEMENTATIONS = YES;
				CLANG_WARN_DIRECT_OBJC_ISA_USAGE = YES_ERROR;
				CLANG_WARN_DOCUMENTATION_COMMENTS = YES;
				CLANG_WARN_EMPTY_BODY = YES;
				CLANG_WARN_ENUM_CONVERSION = YES;
				CLANG_WARN_INFINITE_RECURSION = YES;
				CLANG_WARN_INT_CONVERSION = YES;
				CLANG_WARN_NON_LITERAL_NULL_CONVERSION = YES;
				CLANG_WARN_OBJC_IMPLICIT_RETAIN_SELF = YES;
				CLANG_WARN_OBJC_LITERAL_CONVERSION = YES;
				CLANG_WARN_OBJC_ROOT_CLASS = YES_ERROR;
				CLANG_WARN_QUOTED_INCLUDE_IN_FRAMEWORK_HEADER = YES;
				CLANG_WARN_RANGE_LOOP_ANALYSIS = YES;
				CLANG_WARN_STRICT_PROTOTYPES = YES;
				CLANG_WARN_SUSPICIOUS_MOVE = YES;
				CLANG_WARN_UNGUARDED_AVAILABILITY = YES_AGGRESSIVE;
				CLANG_WARN_UNREACHABLE_CODE = YES;
				CLANG_WARN__DUPLICATE_METHOD_MATCH = YES;
				COPY_PHASE_STRIP = NO;
				DEBUG_INFORMATION_FORMAT = "dwarf-with-dsym";
				ENABLE_NS_ASSERTIONS = NO;
				ENABLE_STRICT_OBJC_MSGSEND = YES;
				GCC_C_LANGUAGE_STANDARD = gnu11;
				GCC_NO_COMMON_BLOCKS = YES;
				GCC_WARN_64_TO_32_BIT_CONVERSION = YES;
				GCC_WARN_ABOUT_RETURN_TYPE = YES_ERROR;
				GCC_WARN_UNDECLARED_SELECTOR = YES;
				GCC_WARN_UNINITIALIZED_AUTOS = YES_AGGRESSIVE;
				GCC_WARN_UNUSED_FUNCTION = YES;
				GCC_WARN_UNUSED_VARIABLE = YES;
				IPHONEOS_DEPLOYMENT_TARGET = 16.4;
				MTL_ENABLE_DEBUG_INFO = NO;
				MTL_FAST_MATH = YES;
				SDKROOT = iphoneos;
				SWIFT_COMPILATION_MODE = wholemodule;
				SWIFT_OPTIMIZATION_LEVEL = "-O";
				VALIDATE_PRODUCT = YES;
			};
			name = Release;
		};
		5549749C2A622F07009F3AB2 /* Debug */ = {
			isa = XCBuildConfiguration;
			buildSettings = {
				ASSETCATALOG_COMPILER_APPICON_NAME = AppIcon;
				ASSETCATALOG_COMPILER_GLOBAL_ACCENT_COLOR_NAME = AccentColor;
				CODE_SIGN_STYLE = Automatic;
				CURRENT_PROJECT_VERSION = 1;
				DEVELOPMENT_ASSET_PATHS = "\"Flemings Hands/Preview Content\"";
				DEVELOPMENT_TEAM = SMB4V4XL5Q;
				ENABLE_PREVIEWS = YES;
				GENERATE_INFOPLIST_FILE = YES;
				INFOPLIST_KEY_NSCameraUsageDescription = "";
				INFOPLIST_KEY_UIApplicationSupportsIndirectInputEvents = YES;
				INFOPLIST_KEY_UILaunchScreen_Generation = YES;
				INFOPLIST_KEY_UIRequiredDeviceCapabilities = arkit;
				INFOPLIST_KEY_UIStatusBarHidden = YES;
				INFOPLIST_KEY_UISupportedInterfaceOrientations_iPad = "UIInterfaceOrientationPortrait UIInterfaceOrientationPortraitUpsideDown UIInterfaceOrientationLandscapeLeft UIInterfaceOrientationLandscapeRight";
				INFOPLIST_KEY_UISupportedInterfaceOrientations_iPhone = "UIInterfaceOrientationPortrait UIInterfaceOrientationLandscapeLeft UIInterfaceOrientationLandscapeRight";
				LD_RUNPATH_SEARCH_PATHS = (
					"$(inherited)",
					"@executable_path/Frameworks",
				);
				MARKETING_VERSION = 1.0;
				PRODUCT_BUNDLE_IDENTIFIER = "du.yuhan.Flemings-Hands";
				PRODUCT_NAME = "$(TARGET_NAME)";
				SWIFT_EMIT_LOC_STRINGS = YES;
				SWIFT_VERSION = 5.0;
				TARGETED_DEVICE_FAMILY = "1,2";
			};
			name = Debug;
		};
		5549749D2A622F07009F3AB2 /* Release */ = {
			isa = XCBuildConfiguration;
			buildSettings = {
				ASSETCATALOG_COMPILER_APPICON_NAME = AppIcon;
				ASSETCATALOG_COMPILER_GLOBAL_ACCENT_COLOR_NAME = AccentColor;
				CODE_SIGN_STYLE = Automatic;
				CURRENT_PROJECT_VERSION = 1;
				DEVELOPMENT_ASSET_PATHS = "\"Flemings Hands/Preview Content\"";
				DEVELOPMENT_TEAM = SMB4V4XL5Q;
				ENABLE_PREVIEWS = YES;
				GENERATE_INFOPLIST_FILE = YES;
				INFOPLIST_KEY_NSCameraUsageDescription = "";
				INFOPLIST_KEY_UIApplicationSupportsIndirectInputEvents = YES;
				INFOPLIST_KEY_UILaunchScreen_Generation = YES;
				INFOPLIST_KEY_UIRequiredDeviceCapabilities = arkit;
				INFOPLIST_KEY_UIStatusBarHidden = YES;
				INFOPLIST_KEY_UISupportedInterfaceOrientations_iPad = "UIInterfaceOrientationPortrait UIInterfaceOrientationPortraitUpsideDown UIInterfaceOrientationLandscapeLeft UIInterfaceOrientationLandscapeRight";
				INFOPLIST_KEY_UISupportedInterfaceOrientations_iPhone = "UIInterfaceOrientationPortrait UIInterfaceOrientationLandscapeLeft UIInterfaceOrientationLandscapeRight";
				LD_RUNPATH_SEARCH_PATHS = (
					"$(inherited)",
					"@executable_path/Frameworks",
				);
				MARKETING_VERSION = 1.0;
				PRODUCT_BUNDLE_IDENTIFIER = "du.yuhan.Flemings-Hands";
				PRODUCT_NAME = "$(TARGET_NAME)";
				SWIFT_EMIT_LOC_STRINGS = YES;
				SWIFT_VERSION = 5.0;
				TARGETED_DEVICE_FAMILY = "1,2";
			};
			name = Release;
		};
		5549749F2A622F07009F3AB2 /* Debug */ = {
			isa = XCBuildConfiguration;
			buildSettings = {
				ALWAYS_EMBED_SWIFT_STANDARD_LIBRARIES = YES;
				BUNDLE_LOADER = "$(TEST_HOST)";
				CODE_SIGN_STYLE = Automatic;
				CURRENT_PROJECT_VERSION = 1;
				DEVELOPMENT_TEAM = SMB4V4XL5Q;
				GENERATE_INFOPLIST_FILE = YES;
				IPHONEOS_DEPLOYMENT_TARGET = 16.4;
				MARKETING_VERSION = 1.0;
				PRODUCT_BUNDLE_IDENTIFIER = "du.yuhan.Flemings-HandsTests";
				PRODUCT_NAME = "$(TARGET_NAME)";
				SWIFT_EMIT_LOC_STRINGS = NO;
				SWIFT_VERSION = 5.0;
				TARGETED_DEVICE_FAMILY = "1,2";
				TEST_HOST = "$(BUILT_PRODUCTS_DIR)/Flemings Hands.app/$(BUNDLE_EXECUTABLE_FOLDER_PATH)/Flemings Hands";
			};
			name = Debug;
		};
		554974A02A622F07009F3AB2 /* Release */ = {
			isa = XCBuildConfiguration;
			buildSettings = {
				ALWAYS_EMBED_SWIFT_STANDARD_LIBRARIES = YES;
				BUNDLE_LOADER = "$(TEST_HOST)";
				CODE_SIGN_STYLE = Automatic;
				CURRENT_PROJECT_VERSION = 1;
				DEVELOPMENT_TEAM = SMB4V4XL5Q;
				GENERATE_INFOPLIST_FILE = YES;
				IPHONEOS_DEPLOYMENT_TARGET = 16.4;
				MARKETING_VERSION = 1.0;
				PRODUCT_BUNDLE_IDENTIFIER = "du.yuhan.Flemings-HandsTests";
				PRODUCT_NAME = "$(TARGET_NAME)";
				SWIFT_EMIT_LOC_STRINGS = NO;
				SWIFT_VERSION = 5.0;
				TARGETED_DEVICE_FAMILY = "1,2";
				TEST_HOST = "$(BUILT_PRODUCTS_DIR)/Flemings Hands.app/$(BUNDLE_EXECUTABLE_FOLDER_PATH)/Flemings Hands";
			};
			name = Release;
		};
		554974A22A622F07009F3AB2 /* Debug */ = {
			isa = XCBuildConfiguration;
			buildSettings = {
				ALWAYS_EMBED_SWIFT_STANDARD_LIBRARIES = YES;
				CODE_SIGN_STYLE = Automatic;
				CURRENT_PROJECT_VERSION = 1;
				DEVELOPMENT_TEAM = SMB4V4XL5Q;
				GENERATE_INFOPLIST_FILE = YES;
				MARKETING_VERSION = 1.0;
				PRODUCT_BUNDLE_IDENTIFIER = "du.yuhan.Flemings-HandsUITests";
				PRODUCT_NAME = "$(TARGET_NAME)";
				SWIFT_EMIT_LOC_STRINGS = NO;
				SWIFT_VERSION = 5.0;
				TARGETED_DEVICE_FAMILY = "1,2";
				TEST_TARGET_NAME = "Flemings Hands";
			};
			name = Debug;
		};
		554974A32A622F07009F3AB2 /* Release */ = {
			isa = XCBuildConfiguration;
			buildSettings = {
				ALWAYS_EMBED_SWIFT_STANDARD_LIBRARIES = YES;
				CODE_SIGN_STYLE = Automatic;
				CURRENT_PROJECT_VERSION = 1;
				DEVELOPMENT_TEAM = SMB4V4XL5Q;
				GENERATE_INFOPLIST_FILE = YES;
				MARKETING_VERSION = 1.0;
				PRODUCT_BUNDLE_IDENTIFIER = "du.yuhan.Flemings-HandsUITests";
				PRODUCT_NAME = "$(TARGET_NAME)";
				SWIFT_EMIT_LOC_STRINGS = NO;
				SWIFT_VERSION = 5.0;
				TARGETED_DEVICE_FAMILY = "1,2";
				TEST_TARGET_NAME = "Flemings Hands";
			};
			name = Release;
		};
/* End XCBuildConfiguration section */

/* Begin XCConfigurationList section */
		554974702A622F05009F3AB2 /* Build configuration list for PBXProject "Flemings Hands" */ = {
			isa = XCConfigurationList;
			buildConfigurations = (
				554974992A622F07009F3AB2 /* Debug */,
				5549749A2A622F07009F3AB2 /* Release */,
			);
			defaultConfigurationIsVisible = 0;
			defaultConfigurationName = Release;
		};
		5549749B2A622F07009F3AB2 /* Build configuration list for PBXNativeTarget "Flemings Hands" */ = {
			isa = XCConfigurationList;
			buildConfigurations = (
				5549749C2A622F07009F3AB2 /* Debug */,
				5549749D2A622F07009F3AB2 /* Release */,
			);
			defaultConfigurationIsVisible = 0;
			defaultConfigurationName = Release;
		};
		5549749E2A622F07009F3AB2 /* Build configuration list for PBXNativeTarget "Flemings HandsTests" */ = {
			isa = XCConfigurationList;
			buildConfigurations = (
				5549749F2A622F07009F3AB2 /* Debug */,
				554974A02A622F07009F3AB2 /* Release */,
			);
			defaultConfigurationIsVisible = 0;
			defaultConfigurationName = Release;
		};
		554974A12A622F07009F3AB2 /* Build configuration list for PBXNativeTarget "Flemings HandsUITests" */ = {
			isa = XCConfigurationList;
			buildConfigurations = (
				554974A22A622F07009F3AB2 /* Debug */,
				554974A32A622F07009F3AB2 /* Release */,
			);
			defaultConfigurationIsVisible = 0;
			defaultConfigurationName = Release;
		};
/* End XCConfigurationList section */
	};
	rootObject = 5549746D2A622F05009F3AB2 /* Project object */;
}
